
Microsoft Visual Studio Solution File, Format Version 12.00
# Visual Studio 15
Project("{FAE04EC0-301F-11D3-BF4B-00C04F79EFBC}") = "Assembly-CSharp", "Assembly-CSharp.csproj", "{FDEC5D06-98BA-36B8-9F9D-42B013739153}"
EndProject
Project("{FAE04EC0-301F-11D3-BF4B-00C04F79EFBC}") = "Assembly-CSharp-Editor", "Assembly-CSharp-Editor.csproj", "{A06F6CB5-418E-F217-57EF-4A99A044D847}"
EndProject
Global
	GlobalSection(SolutionConfigurationPlatforms) = preSolution
		Debug|Any CPU = Debug|Any CPU
		Release|Any CPU = Release|Any CPU
	EndGlobalSection
	GlobalSection(ProjectConfigurationPlatforms) = postSolution
		{FDEC5D06-98BA-36B8-9F9D-42B013739153}.Debug|Any CPU.ActiveCfg = Debug|Any CPU
		{FDEC5D06-98BA-36B8-9F9D-42B013739153}.Debug|Any CPU.Build.0 = Debug|Any CPU
		{FDEC5D06-98BA-36B8-9F9D-42B013739153}.Release|Any CPU.ActiveCfg = Release|Any CPU
		{FDEC5D06-98BA-36B8-9F9D-42B013739153}.Release|Any CPU.Build.0 = Release|Any CPU
		{A06F6CB5-418E-F217-57EF-4A99A044D847}.Debug|Any CPU.ActiveCfg = Debug|Any CPU
		{A06F6CB5-418E-F217-57EF-4A99A044D847}.Debug|Any CPU.Build.0 = Debug|Any CPU
		{A06F6CB5-418E-F217-57EF-4A99A044D847}.Release|Any CPU.ActiveCfg = Release|Any CPU
		{A06F6CB5-418E-F217-57EF-4A99A044D847}.Release|Any CPU.Build.0 = Release|Any CPU
	EndGlobalSection
	GlobalSection(SolutionProperties) = preSolution
		HideSolutionNode = FALSE
	EndGlobalSection
EndGlobal
